
Microsoft Visual Studio Solution File, Format Version 12.00
# Visual Studio Version 16
VisualStudioVersion = 16.0.29418.71
MinimumVisualStudioVersion = 10.0.40219.1
Project("{FAE04EC0-301F-11D3-BF4B-00C04F79EFBC}") = "CarInsuranceQuoteMVCApp", "CarInsuranceQuoteMVCApp.csproj", "{146FF801-EC1D-4DDD-B9C7-09333F0AA5F1}"
EndProject
Global
	GlobalSection(SolutionConfigurationPlatforms) = preSolution
		Debug|Any CPU = Debug|Any CPU
		Release|Any CPU = Release|Any CPU
	EndGlobalSection
	GlobalSection(ProjectConfigurationPlatforms) = postSolution
		{146FF801-EC1D-4DDD-B9C7-09333F0AA5F1}.Debug|Any CPU.ActiveCfg = Debug|Any CPU
		{146FF801-EC1D-4DDD-B9C7-09333F0AA5F1}.Debug|Any CPU.Build.0 = Debug|Any CPU
		{146FF801-EC1D-4DDD-B9C7-09333F0AA5F1}.Release|Any CPU.ActiveCfg = Release|Any CPU
		{146FF801-EC1D-4DDD-B9C7-09333F0AA5F1}.Release|Any CPU.Build.0 = Release|Any CPU
	EndGlobalSection
	GlobalSection(SolutionProperties) = preSolution
		HideSolutionNode = FALSE
	EndGlobalSection
	GlobalSection(ExtensibilityGlobals) = postSolution
		SolutionGuid = {082DD5A1-276F-4FF3-8035-8C9CF08E60E9}
	EndGlobalSection
EndGlobal
